
Microsoft Visual Studio Solution File, Format Version 12.00
# Visual Studio Version 16
VisualStudioVersion = 16.0.30717.126
MinimumVisualStudioVersion = 10.0.40219.1
Project("{9A19103F-16F7-4668-BE54-9A1E7A4F7556}") = "Dime.DirectoryServices", "Dime.DirectoryServices\Dime.DirectoryServices.csproj", "{0BAA8BC6-DC5D-4960-8782-693045D98294}"
EndProject
Project("{9A19103F-16F7-4668-BE54-9A1E7A4F7556}") = "Dime.DirectoryServices.Tests", "Dime.DirectoryServices.Test\Dime.DirectoryServices.Tests.csproj", "{63EDCE63-9D5E-4119-9FB2-DED8D1E6EEF7}"
EndProject
Global
	GlobalSection(SolutionConfigurationPlatforms) = preSolution
		Debug|Any CPU = Debug|Any CPU
		Release|Any CPU = Release|Any CPU
	EndGlobalSection
	GlobalSection(ProjectConfigurationPlatforms) = postSolution
		{0BAA8BC6-DC5D-4960-8782-693045D98294}.Debug|Any CPU.ActiveCfg = Debug|Any CPU
		{0BAA8BC6-DC5D-4960-8782-693045D98294}.Debug|Any CPU.Build.0 = Debug|Any CPU
		{0BAA8BC6-DC5D-4960-8782-693045D98294}.Release|Any CPU.ActiveCfg = Release|Any CPU
		{0BAA8BC6-DC5D-4960-8782-693045D98294}.Release|Any CPU.Build.0 = Release|Any CPU
		{63EDCE63-9D5E-4119-9FB2-DED8D1E6EEF7}.Debug|Any CPU.ActiveCfg = Debug|Any CPU
		{63EDCE63-9D5E-4119-9FB2-DED8D1E6EEF7}.Debug|Any CPU.Build.0 = Debug|Any CPU
		{63EDCE63-9D5E-4119-9FB2-DED8D1E6EEF7}.Release|Any CPU.ActiveCfg = Release|Any CPU
		{63EDCE63-9D5E-4119-9FB2-DED8D1E6EEF7}.Release|Any CPU.Build.0 = Release|Any CPU
	EndGlobalSection
	GlobalSection(SolutionProperties) = preSolution
		HideSolutionNode = FALSE
	EndGlobalSection
	GlobalSection(ExtensibilityGlobals) = postSolution
		SolutionGuid = {5EB3BA26-690C-43A6-91C0-05AA71EDDDBE}
	EndGlobalSection
EndGlobal
